Microsoft Visual Studio Solution File, Format Version 12.00
# Visual Studio 2012
Project("{FAE04EC0-301F-11D3-BF4B-00C04F79EFBC}") = "Boomer x Zoomer", "Boomer x Zoomer.csproj", "{3706FC15-9854-45B5-9AAC-F486BBB2D68A}"
EndProject
Global
	GlobalSection(SolutionConfigurationPlatforms) = preSolution
	Debug|Any CPU = Debug|Any CPU
	ExportDebug|Any CPU = ExportDebug|Any CPU
	ExportRelease|Any CPU = ExportRelease|Any CPU
	EndGlobalSection
	GlobalSection(ProjectConfigurationPlatforms) = postSolution
		{3706FC15-9854-45B5-9AAC-F486BBB2D68A}.Debug|Any CPU.ActiveCfg = Debug|Any CPU
		{3706FC15-9854-45B5-9AAC-F486BBB2D68A}.Debug|Any CPU.Build.0 = Debug|Any CPU
		{3706FC15-9854-45B5-9AAC-F486BBB2D68A}.ExportDebug|Any CPU.ActiveCfg = ExportDebug|Any CPU
		{3706FC15-9854-45B5-9AAC-F486BBB2D68A}.ExportDebug|Any CPU.Build.0 = ExportDebug|Any CPU
		{3706FC15-9854-45B5-9AAC-F486BBB2D68A}.ExportRelease|Any CPU.ActiveCfg = ExportRelease|Any CPU
		{3706FC15-9854-45B5-9AAC-F486BBB2D68A}.ExportRelease|Any CPU.Build.0 = ExportRelease|Any CPU
	EndGlobalSection
EndGlobal
